
Microsoft Visual Studio Solution File, Format Version 12.00
# Visual Studio Version 17
VisualStudioVersion = 17.0.31903.59
MinimumVisualStudioVersion = 10.0.40219.1
Project("{FAE04EC0-301F-11D3-BF4B-00C04F79EFBC}") = "ERP.API", "ERP.API\ERP.API.csproj", "{58FF0968-29BC-485F-9D3B-C59339258725}"
EndProject
Project("{FAE04EC0-301F-11D3-BF4B-00C04F79EFBC}") = "ERP.Application", "ERP.Application\ERP.Application.csproj", "{76CEB36E-65EF-48FC-9C82-92679EA521D3}"
EndProject
Project("{FAE04EC0-301F-11D3-BF4B-00C04F79EFBC}") = "ERP.Domain", "ERP.Domain\ERP.Domain.csproj", "{B5EECE70-64C3-41C0-8DB3-1DF3D360EA52}"
EndProject
Project("{FAE04EC0-301F-11D3-BF4B-00C04F79EFBC}") = "ERP.Infrastructure", "ERP.Infrastructure\ERP.Infrastructure.csproj", "{6A798CED-531F-4E5D-8BFF-5DC3C4BBF52F}"
EndProject
Project("{FAE04EC0-301F-11D3-BF4B-00C04F79EFBC}") = "ERP.Tests", "ERP.Tests\ERP.Tests.csproj", "{5BD2158C-0E31-4025-97BA-1B829ADBBB00}"
EndProject
Project("{2150E333-8FDC-42A3-9474-1A3956D46DE8}") = "BackEnd", "BackEnd", "{02EA681E-C7D8-13C7-8484-4AC65E1B71E8}"
EndProject
Project("{2150E333-8FDC-42A3-9474-1A3956D46DE8}") = "FrontEnd", "FrontEnd", "{53BA66D5-D135-4943-A155-1F42E741D379}"
EndProject
Global
	GlobalSection(SolutionConfigurationPlatforms) = preSolution
		Debug|Any CPU = Debug|Any CPU
		Debug|x64 = Debug|x64
		Debug|x86 = Debug|x86
		Release|Any CPU = Release|Any CPU
		Release|x64 = Release|x64
		Release|x86 = Release|x86
	EndGlobalSection
	GlobalSection(ProjectConfigurationPlatforms) = postSolution
		{58FF0968-29BC-485F-9D3B-C59339258725}.Debug|Any CPU.ActiveCfg = Debug|Any CPU
		{58FF0968-29BC-485F-9D3B-C59339258725}.Debug|Any CPU.Build.0 = Debug|Any CPU
		{58FF0968-29BC-485F-9D3B-C59339258725}.Debug|x64.ActiveCfg = Debug|Any CPU
		{58FF0968-29BC-485F-9D3B-C59339258725}.Debug|x64.Build.0 = Debug|Any CPU
		{58FF0968-29BC-485F-9D3B-C59339258725}.Debug|x86.ActiveCfg = Debug|Any CPU
		{58FF0968-29BC-485F-9D3B-C59339258725}.Debug|x86.Build.0 = Debug|Any CPU
		{58FF0968-29BC-485F-9D3B-C59339258725}.Release|Any CPU.ActiveCfg = Release|Any CPU
		{58FF0968-29BC-485F-9D3B-C59339258725}.Release|Any CPU.Build.0 = Release|Any CPU
		{58FF0968-29BC-485F-9D3B-C59339258725}.Release|x64.ActiveCfg = Release|Any CPU
		{58FF0968-29BC-485F-9D3B-C59339258725}.Release|x64.Build.0 = Release|Any CPU
		{58FF0968-29BC-485F-9D3B-C59339258725}.Release|x86.ActiveCfg = Release|Any CPU
		{58FF0968-29BC-485F-9D3B-C59339258725}.Release|x86.Build.0 = Release|Any CPU
		{76CEB36E-65EF-48FC-9C82-92679EA521D3}.Debug|Any CPU.ActiveCfg = Debug|Any CPU
		{76CEB36E-65EF-48FC-9C82-92679EA521D3}.Debug|Any CPU.Build.0 = Debug|Any CPU
		{76CEB36E-65EF-48FC-9C82-92679EA521D3}.Debug|x64.ActiveCfg = Debug|Any CPU
		{76CEB36E-65EF-48FC-9C82-92679EA521D3}.Debug|x64.Build.0 = Debug|Any CPU
		{76CEB36E-65EF-48FC-9C82-92679EA521D3}.Debug|x86.ActiveCfg = Debug|Any CPU
		{76CEB36E-65EF-48FC-9C82-92679EA521D3}.Debug|x86.Build.0 = Debug|Any CPU
		{76CEB36E-65EF-48FC-9C82-92679EA521D3}.Release|Any CPU.ActiveCfg = Release|Any CPU
		{76CEB36E-65EF-48FC-9C82-92679EA521D3}.Release|Any CPU.Build.0 = Release|Any CPU
		{76CEB36E-65EF-48FC-9C82-92679EA521D3}.Release|x64.ActiveCfg = Release|Any CPU
		{76CEB36E-65EF-48FC-9C82-92679EA521D3}.Release|x64.Build.0 = Release|Any CPU
		{76CEB36E-65EF-48FC-9C82-92679EA521D3}.Release|x86.ActiveCfg = Release|Any CPU
		{76CEB36E-65EF-48FC-9C82-92679EA521D3}.Release|x86.Build.0 = Release|Any CPU
		{B5EECE70-64C3-41C0-8DB3-1DF3D360EA52}.Debug|Any CPU.ActiveCfg = Debug|Any CPU
		{B5EECE70-64C3-41C0-8DB3-1DF3D360EA52}.Debug|Any CPU.Build.0 = Debug|Any CPU
		{B5EECE70-64C3-41C0-8DB3-1DF3D360EA52}.Debug|x64.ActiveCfg = Debug|Any CPU
		{B5EECE70-64C3-41C0-8DB3-1DF3D360EA52}.Debug|x64.Build.0 = Debug|Any CPU
		{B5EECE70-64C3-41C0-8DB3-1DF3D360EA52}.Debug|x86.ActiveCfg = Debug|Any CPU
		{B5EECE70-64C3-41C0-8DB3-1DF3D360EA52}.Debug|x86.Build.0 = Debug|Any CPU
		{B5EECE70-64C3-41C0-8DB3-1DF3D360EA52}.Release|Any CPU.ActiveCfg = Release|Any CPU
		{B5EECE70-64C3-41C0-8DB3-1DF3D360EA52}.Release|Any CPU.Build.0 = Release|Any CPU
		{B5EECE70-64C3-41C0-8DB3-1DF3D360EA52}.Release|x64.ActiveCfg = Release|Any CPU
		{B5EECE70-64C3-41C0-8DB3-1DF3D360EA52}.Release|x64.Build.0 = Release|Any CPU
		{B5EECE70-64C3-41C0-8DB3-1DF3D360EA52}.Release|x86.ActiveCfg = Release|Any CPU
		{B5EECE70-64C3-41C0-8DB3-1DF3D360EA52}.Release|x86.Build.0 = Release|Any CPU
		{6A798CED-531F-4E5D-8BFF-5DC3C4BBF52F}.Debug|Any CPU.ActiveCfg = Debug|Any CPU
		{6A798CED-531F-4E5D-8BFF-5DC3C4BBF52F}.Debug|Any CPU.Build.0 = Debug|Any CPU
		{6A798CED-531F-4E5D-8BFF-5DC3C4BBF52F}.Debug|x64.ActiveCfg = Debug|Any CPU
		{6A798CED-531F-4E5D-8BFF-5DC3C4BBF52F}.Debug|x64.Build.0 = Debug|Any CPU
		{6A798CED-531F-4E5D-8BFF-5DC3C4BBF52F}.Debug|x86.ActiveCfg = Debug|Any CPU
		{6A798CED-531F-4E5D-8BFF-5DC3C4BBF52F}.Debug|x86.Build.0 = Debug|Any CPU
		{6A798CED-531F-4E5D-8BFF-5DC3C4BBF52F}.Release|Any CPU.ActiveCfg = Release|Any CPU
		{6A798CED-531F-4E5D-8BFF-5DC3C4BBF52F}.Release|Any CPU.Build.0 = Release|Any CPU
		{6A798CED-531F-4E5D-8BFF-5DC3C4BBF52F}.Release|x64.ActiveCfg = Release|Any CPU
		{6A798CED-531F-4E5D-8BFF-5DC3C4BBF52F}.Release|x64.Build.0 = Release|Any CPU
		{6A798CED-531F-4E5D-8BFF-5DC3C4BBF52F}.Release|x86.ActiveCfg = Release|Any CPU
		{6A798CED-531F-4E5D-8BFF-5DC3C4BBF52F}.Release|x86.Build.0 = Release|Any CPU
		{5BD2158C-0E31-4025-97BA-1B829ADBBB00}.Debug|Any CPU.ActiveCfg = Debug|Any CPU
		{5BD2158C-0E31-4025-97BA-1B829ADBBB00}.Debug|Any CPU.Build.0 = Debug|Any CPU
		{5BD2158C-0E31-4025-97BA-1B829ADBBB00}.Debug|x64.ActiveCfg = Debug|Any CPU
		{5BD2158C-0E31-4025-97BA-1B829ADBBB00}.Debug|x64.Build.0 = Debug|Any CPU
		{5BD2158C-0E31-4025-97BA-1B829ADBBB00}.Debug|x86.ActiveCfg = Debug|Any CPU
		{5BD2158C-0E31-4025-97BA-1B829ADBBB00}.Debug|x86.Build.0 = Debug|Any CPU
		{5BD2158C-0E31-4025-97BA-1B829ADBBB00}.Release|Any CPU.ActiveCfg = Release|Any CPU
		{5BD2158C-0E31-4025-97BA-1B829ADBBB00}.Release|Any CPU.Build.0 = Release|Any CPU
		{5BD2158C-0E31-4025-97BA-1B829ADBBB00}.Release|x64.ActiveCfg = Release|Any CPU
		{5BD2158C-0E31-4025-97BA-1B829ADBBB00}.Release|x64.Build.0 = Release|Any CPU
		{5BD2158C-0E31-4025-97BA-1B829ADBBB00}.Release|x86.ActiveCfg = Release|Any CPU
		{5BD2158C-0E31-4025-97BA-1B829ADBBB00}.Release|x86.Build.0 = Release|Any CPU
	EndGlobalSection
	GlobalSection(SolutionProperties) = preSolution
		HideSolutionNode = FALSE
	EndGlobalSection
	GlobalSection(NestedProjects) = preSolution
		{58FF0968-29BC-485F-9D3B-C59339258725} = {02EA681E-C7D8-13C7-8484-4AC65E1B71E8}
		{76CEB36E-65EF-48FC-9C82-92679EA521D3} = {02EA681E-C7D8-13C7-8484-4AC65E1B71E8}
		{B5EECE70-64C3-41C0-8DB3-1DF3D360EA52} = {02EA681E-C7D8-13C7-8484-4AC65E1B71E8}
		{6A798CED-531F-4E5D-8BFF-5DC3C4BBF52F} = {02EA681E-C7D8-13C7-8484-4AC65E1B71E8}
		{5BD2158C-0E31-4025-97BA-1B829ADBBB00} = {02EA681E-C7D8-13C7-8484-4AC65E1B71E8}
	EndGlobalSection
EndGlobal
